
Microsoft Visual Studio Solution File, Format Version 12.00
# Visual Studio Version 17
VisualStudioVersion = 17.13.35806.99 d17.13
MinimumVisualStudioVersion = 10.0.40219.1
Project("{FAE04EC0-301F-11D3-BF4B-00C04F79EFBC}") = "BaseCollections", "BaseCollections\BaseCollections.csproj", "{2D8819E0-241A-4A6B-B82B-F037F858B867}"
EndProject
Global
	GlobalSection(SolutionConfigurationPlatforms) = preSolution
		Debug|Any CPU = Debug|Any CPU
		Release|Any CPU = Release|Any CPU
	EndGlobalSection
	GlobalSection(ProjectConfigurationPlatforms) = postSolution
		{2D8819E0-241A-4A6B-B82B-F037F858B867}.Debug|Any CPU.ActiveCfg = Debug|Any CPU
		{2D8819E0-241A-4A6B-B82B-F037F858B867}.Debug|Any CPU.Build.0 = Debug|Any CPU
		{2D8819E0-241A-4A6B-B82B-F037F858B867}.Release|Any CPU.ActiveCfg = Release|Any CPU
		{2D8819E0-241A-4A6B-B82B-F037F858B867}.Release|Any CPU.Build.0 = Release|Any CPU
	EndGlobalSection
	GlobalSection(SolutionProperties) = preSolution
		HideSolutionNode = FALSE
	EndGlobalSection
	GlobalSection(ExtensibilityGlobals) = postSolution
		SolutionGuid = {4F438620-C4B9-4427-A8AA-73CBDD6A00E9}
	EndGlobalSection
EndGlobal
